
Microsoft Visual Studio Solution File, Format Version 12.00
# Visual Studio 15
VisualStudioVersion = 15.0.27703.2000
MinimumVisualStudioVersion = 10.0.40219.1
Project("{FAE04EC0-301F-11D3-BF4B-00C04F79EFBC}") = "FR_PDF_PARSER", "FR_PDF_PARSER.csproj", "{B70E2F60-2D04-4029-97CE-AD3FDC8693F5}"
EndProject
Global
	GlobalSection(SolutionConfigurationPlatforms) = preSolution
		Debug|Any CPU = Debug|Any CPU
		Release|Any CPU = Release|Any CPU
	EndGlobalSection
	GlobalSection(ProjectConfigurationPlatforms) = postSolution
		{B70E2F60-2D04-4029-97CE-AD3FDC8693F5}.Debug|Any CPU.ActiveCfg = Debug|Any CPU
		{B70E2F60-2D04-4029-97CE-AD3FDC8693F5}.Debug|Any CPU.Build.0 = Debug|Any CPU
		{B70E2F60-2D04-4029-97CE-AD3FDC8693F5}.Release|Any CPU.ActiveCfg = Release|Any CPU
		{B70E2F60-2D04-4029-97CE-AD3FDC8693F5}.Release|Any CPU.Build.0 = Release|Any CPU
	EndGlobalSection
	GlobalSection(SolutionProperties) = preSolution
		HideSolutionNode = FALSE
	EndGlobalSection
	GlobalSection(ExtensibilityGlobals) = postSolution
		SolutionGuid = {FF9A66E1-81D1-4B57-9784-F02D6D8981F3}
	EndGlobalSection
EndGlobal
